
Microsoft Visual Studio Solution File, Format Version 12.00
# Visual Studio Version 16
VisualStudioVersion = 16.0.31112.23
MinimumVisualStudioVersion = 10.0.40219.1
Project("{9A19103F-16F7-4668-BE54-9A1E7A4F7556}") = "CarWorld", "CarWorld\CarWorld.csproj", "{31F154FD-4D97-4BFC-930D-272882CC8923}"
EndProject
Project("{FAE04EC0-301F-11D3-BF4B-00C04F79EFBC}") = "CarWorld.Tests", "CarWorld.Tests\CarWorld.Tests.csproj", "{20745A78-1398-4F11-9151-A759EA4EE0B3}"
EndProject
Global
	GlobalSection(SolutionConfigurationPlatforms) = preSolution
		Debug|Any CPU = Debug|Any CPU
		Release|Any CPU = Release|Any CPU
	EndGlobalSection
	GlobalSection(ProjectConfigurationPlatforms) = postSolution
		{31F154FD-4D97-4BFC-930D-272882CC8923}.Debug|Any CPU.ActiveCfg = Debug|Any CPU
		{31F154FD-4D97-4BFC-930D-272882CC8923}.Debug|Any CPU.Build.0 = Debug|Any CPU
		{31F154FD-4D97-4BFC-930D-272882CC8923}.Release|Any CPU.ActiveCfg = Release|Any CPU
		{31F154FD-4D97-4BFC-930D-272882CC8923}.Release|Any CPU.Build.0 = Release|Any CPU
		{20745A78-1398-4F11-9151-A759EA4EE0B3}.Debug|Any CPU.ActiveCfg = Debug|Any CPU
		{20745A78-1398-4F11-9151-A759EA4EE0B3}.Debug|Any CPU.Build.0 = Debug|Any CPU
		{20745A78-1398-4F11-9151-A759EA4EE0B3}.Release|Any CPU.ActiveCfg = Release|Any CPU
		{20745A78-1398-4F11-9151-A759EA4EE0B3}.Release|Any CPU.Build.0 = Release|Any CPU
	EndGlobalSection
	GlobalSection(SolutionProperties) = preSolution
		HideSolutionNode = FALSE
	EndGlobalSection
	GlobalSection(ExtensibilityGlobals) = postSolution
		SolutionGuid = {AD07D3A2-2172-4279-A005-AB9EE5B670E1}
	EndGlobalSection
EndGlobal
